
Microsoft Visual Studio Solution File, Format Version 12.00
# Visual Studio Version 17
VisualStudioVersion = 17.4.33213.308
MinimumVisualStudioVersion = 10.0.40219.1
Project("{FAE04EC0-301F-11D3-BF4B-00C04F79EFBC}") = "SchoolHRAdministration", "SchoolHRAdministration\SchoolHRAdministration.csproj", "{1E0A4973-7E73-42BC-B32E-26481C5E30C3}"
EndProject
Project("{FAE04EC0-301F-11D3-BF4B-00C04F79EFBC}") = "HRAdmininstrationAPI", "HRAdmininstrationAPI\HRAdmininstrationAPI.csproj", "{0A78CCE8-2F52-4FE9-9645-E1484FCB13BB}"
EndProject
Global
	GlobalSection(SolutionConfigurationPlatforms) = preSolution
		Debug|Any CPU = Debug|Any CPU
		Release|Any CPU = Release|Any CPU
	EndGlobalSection
	GlobalSection(ProjectConfigurationPlatforms) = postSolution
		{1E0A4973-7E73-42BC-B32E-26481C5E30C3}.Debug|Any CPU.ActiveCfg = Debug|Any CPU
		{1E0A4973-7E73-42BC-B32E-26481C5E30C3}.Debug|Any CPU.Build.0 = Debug|Any CPU
		{1E0A4973-7E73-42BC-B32E-26481C5E30C3}.Release|Any CPU.ActiveCfg = Release|Any CPU
		{1E0A4973-7E73-42BC-B32E-26481C5E30C3}.Release|Any CPU.Build.0 = Release|Any CPU
		{0A78CCE8-2F52-4FE9-9645-E1484FCB13BB}.Debug|Any CPU.ActiveCfg = Debug|Any CPU
		{0A78CCE8-2F52-4FE9-9645-E1484FCB13BB}.Debug|Any CPU.Build.0 = Debug|Any CPU
		{0A78CCE8-2F52-4FE9-9645-E1484FCB13BB}.Release|Any CPU.ActiveCfg = Release|Any CPU
		{0A78CCE8-2F52-4FE9-9645-E1484FCB13BB}.Release|Any CPU.Build.0 = Release|Any CPU
	EndGlobalSection
	GlobalSection(SolutionProperties) = preSolution
		HideSolutionNode = FALSE
	EndGlobalSection
	GlobalSection(ExtensibilityGlobals) = postSolution
		SolutionGuid = {8C52D5DC-138B-4672-AA87-3F90F9B3B72F}
	EndGlobalSection
EndGlobal
